{
  "name": "testky",
  "version": "1.0.0",
  "lockfileVersion": 1,
  "requires": true,
  "dependencies": {
    "lin-ui": {
      "version": "0.4.1",
      "resolved": "https://registry.npm.taobao.org/lin-ui/download/lin-ui-0.4.1.tgz",
      "integrity": "sha1-/AQjIOciij9f0CQ/tUOloz2b808="
    }
  }
}
